// !$*UTF8*$!
{
	archiveVersion = 1;
	classes = {
	};
	objectVersion = 46;
	objects = {

/* Begin PBXBuildFile section */
		303C7F5F03832071E9D4019A /* libPods.a in Frameworks */ = {isa = PBXBuildFile; fileRef = 38B8A79A2F4B8D8AA2D898F1 /* libPods.a */; };
		691D6FC51C421E68003D41FB /* HYBPropertyLearn.m in Sources */ = {isa = PBXBuildFile; fileRef = 691D6FC41C421E68003D41FB /* HYBPropertyLearn.m */; };
		691D6FC61C421E68003D41FB /* HYBPropertyLearn.m in Sources */ = {isa = PBXBuildFile; fileRef = 691D6FC41C421E68003D41FB /* HYBPropertyLearn.m */; };
		691D6FC71C421E68003D41FB /* HYBPropertyLearn.m in Sources */ = {isa = PBXBuildFile; fileRef = 691D6FC41C421E68003D41FB /* HYBPropertyLearn.m */; };
		69384B111C47631700B61526 /* HYBTestEntry.m in Sources */ = {isa = PBXBuildFile; fileRef = 69384B101C47631700B61526 /* HYBTestEntry.m */; };
		69384B121C47631700B61526 /* HYBTestEntry.m in Sources */ = {isa = PBXBuildFile; fileRef = 69384B101C47631700B61526 /* HYBTestEntry.m */; };
		69384B131C47631700B61526 /* HYBTestEntry.m in Sources */ = {isa = PBXBuildFile; fileRef = 69384B101C47631700B61526 /* HYBTestEntry.m */; };
		69654F5B1C2CDE6600FFB5AC /* main.m in Sources */ = {isa = PBXBuildFile; fileRef = 69654F5A1C2CDE6600FFB5AC /* main.m */; };
		69654F5E1C2CDE6600FFB5AC /* AppDelegate.m in Sources */ = {isa = PBXBuildFile; fileRef = 69654F5D1C2CDE6600FFB5AC /* AppDelegate.m */; };
		69654F611C2CDE6600FFB5AC /* ViewController.m in Sources */ = {isa = PBXBuildFile; fileRef = 69654F601C2CDE6600FFB5AC /* ViewController.m */; };
		69654F641C2CDE6600FFB5AC /* Main.storyboard in Resources */ = {isa = PBXBuildFile; fileRef = 69654F621C2CDE6600FFB5AC /* Main.storyboard */; };
		69654F661C2CDE6600FFB5AC /* Assets.xcassets in Resources */ = {isa = PBXBuildFile; fileRef = 69654F651C2CDE6600FFB5AC /* Assets.xcassets */; };
		69654F691C2CDE6600FFB5AC /* LaunchScreen.storyboard in Resources */ = {isa = PBXBuildFile; fileRef = 69654F671C2CDE6600FFB5AC /* LaunchScreen.storyboard */; };
		69654F741C2CDE6600FFB5AC /* RuntimeDemoTests.m in Sources */ = {isa = PBXBuildFile; fileRef = 69654F731C2CDE6600FFB5AC /* RuntimeDemoTests.m */; };
		69654F7F1C2CDE6600FFB5AC /* RuntimeDemoUITests.m in Sources */ = {isa = PBXBuildFile; fileRef = 69654F7E1C2CDE6600FFB5AC /* RuntimeDemoUITests.m */; };
		69654F931C30214500FFB5AC /* UIControl+HYBBlock.m in Sources */ = {isa = PBXBuildFile; fileRef = 69654F921C30214500FFB5AC /* UIControl+HYBBlock.m */; };
		69654F941C30214500FFB5AC /* UIControl+HYBBlock.m in Sources */ = {isa = PBXBuildFile; fileRef = 69654F921C30214500FFB5AC /* UIControl+HYBBlock.m */; };
		69654F951C30214500FFB5AC /* UIControl+HYBBlock.m in Sources */ = {isa = PBXBuildFile; fileRef = 69654F921C30214500FFB5AC /* UIControl+HYBBlock.m */; };
		69657DD51C44A67F0095C032 /* HYBMethodLearn.m in Sources */ = {isa = PBXBuildFile; fileRef = 69657DD41C44A67F0095C032 /* HYBMethodLearn.m */; };
		69657DD61C44A67F0095C032 /* HYBMethodLearn.m in Sources */ = {isa = PBXBuildFile; fileRef = 69657DD41C44A67F0095C032 /* HYBMethodLearn.m */; };
		69657DD71C44A67F0095C032 /* HYBMethodLearn.m in Sources */ = {isa = PBXBuildFile; fileRef = 69657DD41C44A67F0095C032 /* HYBMethodLearn.m */; };
		69657DDA1C44D1A30095C032 /* NSMutableArray+Swizzling.m in Sources */ = {isa = PBXBuildFile; fileRef = 69657DD91C44D1A30095C032 /* NSMutableArray+Swizzling.m */; };
		69657DDB1C44D1A30095C032 /* NSMutableArray+Swizzling.m in Sources */ = {isa = PBXBuildFile; fileRef = 69657DD91C44D1A30095C032 /* NSMutableArray+Swizzling.m */; };
		69657DDC1C44D1A30095C032 /* NSMutableArray+Swizzling.m in Sources */ = {isa = PBXBuildFile; fileRef = 69657DD91C44D1A30095C032 /* NSMutableArray+Swizzling.m */; };
		69657DDF1C44D8620095C032 /* NSArray+Swizzling.m in Sources */ = {isa = PBXBuildFile; fileRef = 69657DDE1C44D8620095C032 /* NSArray+Swizzling.m */; };
		69657DE01C44D8620095C032 /* NSArray+Swizzling.m in Sources */ = {isa = PBXBuildFile; fileRef = 69657DDE1C44D8620095C032 /* NSArray+Swizzling.m */; };
		69657DE11C44D8620095C032 /* NSArray+Swizzling.m in Sources */ = {isa = PBXBuildFile; fileRef = 69657DDE1C44D8620095C032 /* NSArray+Swizzling.m */; };
		69657DE41C44DB520095C032 /* NSObject+Swizzling.m in Sources */ = {isa = PBXBuildFile; fileRef = 69657DE31C44DB520095C032 /* NSObject+Swizzling.m */; };
		69657DE51C44DB520095C032 /* NSObject+Swizzling.m in Sources */ = {isa = PBXBuildFile; fileRef = 69657DE31C44DB520095C032 /* NSObject+Swizzling.m */; };
		69657DE61C44DB520095C032 /* NSObject+Swizzling.m in Sources */ = {isa = PBXBuildFile; fileRef = 69657DE31C44DB520095C032 /* NSObject+Swizzling.m */; };
		69657E2D1C46402D0095C032 /* UIViewController+Swizzling.m in Sources */ = {isa = PBXBuildFile; fileRef = 69657E2C1C46402D0095C032 /* UIViewController+Swizzling.m */; };
		69657E2E1C46402D0095C032 /* UIViewController+Swizzling.m in Sources */ = {isa = PBXBuildFile; fileRef = 69657E2C1C46402D0095C032 /* UIViewController+Swizzling.m */; };
		69657E2F1C46402D0095C032 /* UIViewController+Swizzling.m in Sources */ = {isa = PBXBuildFile; fileRef = 69657E2C1C46402D0095C032 /* UIViewController+Swizzling.m */; };
		697364B11C3A461F003E1FE9 /* HYBMethodExchange.m in Sources */ = {isa = PBXBuildFile; fileRef = 697364B01C3A461F003E1FE9 /* HYBMethodExchange.m */; };
		697364B21C3A461F003E1FE9 /* HYBMethodExchange.m in Sources */ = {isa = PBXBuildFile; fileRef = 697364B01C3A461F003E1FE9 /* HYBMethodExchange.m */; };
		697364B31C3A461F003E1FE9 /* HYBMethodExchange.m in Sources */ = {isa = PBXBuildFile; fileRef = 697364B01C3A461F003E1FE9 /* HYBMethodExchange.m */; };
		6980598D1C30D6070021085B /* HYBTestModel.m in Sources */ = {isa = PBXBuildFile; fileRef = 6980598C1C30D6070021085B /* HYBTestModel.m */; };
		6980598E1C30D6070021085B /* HYBTestModel.m in Sources */ = {isa = PBXBuildFile; fileRef = 6980598C1C30D6070021085B /* HYBTestModel.m */; };
		6980598F1C30D6070021085B /* HYBTestModel.m in Sources */ = {isa = PBXBuildFile; fileRef = 6980598C1C30D6070021085B /* HYBTestModel.m */; };
		698828201C3383F8002363D5 /* HDFArchiveModel.m in Sources */ = {isa = PBXBuildFile; fileRef = 6988281F1C3383F8002363D5 /* HDFArchiveModel.m */; };
		698828211C3383F8002363D5 /* HDFArchiveModel.m in Sources */ = {isa = PBXBuildFile; fileRef = 6988281F1C3383F8002363D5 /* HDFArchiveModel.m */; };
		698828221C3383F8002363D5 /* HDFArchiveModel.m in Sources */ = {isa = PBXBuildFile; fileRef = 6988281F1C3383F8002363D5 /* HDFArchiveModel.m */; };
		6988282B1C34CB9F002363D5 /* HYBCat.m in Sources */ = {isa = PBXBuildFile; fileRef = 6988282A1C34CB9F002363D5 /* HYBCat.m */; };
		6988282C1C34CB9F002363D5 /* HYBCat.m in Sources */ = {isa = PBXBuildFile; fileRef = 6988282A1C34CB9F002363D5 /* HYBCat.m */; };
		6988282D1C34CB9F002363D5 /* HYBCat.m in Sources */ = {isa = PBXBuildFile; fileRef = 6988282A1C34CB9F002363D5 /* HYBCat.m */; };
		698828301C34CBAB002363D5 /* HYBDog.m in Sources */ = {isa = PBXBuildFile; fileRef = 6988282F1C34CBAB002363D5 /* HYBDog.m */; };
		698828311C34CBAB002363D5 /* HYBDog.m in Sources */ = {isa = PBXBuildFile; fileRef = 6988282F1C34CBAB002363D5 /* HYBDog.m */; };
		698828321C34CBAB002363D5 /* HYBDog.m in Sources */ = {isa = PBXBuildFile; fileRef = 6988282F1C34CBAB002363D5 /* HYBDog.m */; };
		698828351C34D476002363D5 /* HYBPig.m in Sources */ = {isa = PBXBuildFile; fileRef = 698828341C34D476002363D5 /* HYBPig.m */; };
		698828361C34D476002363D5 /* HYBPig.m in Sources */ = {isa = PBXBuildFile; fileRef = 698828341C34D476002363D5 /* HYBPig.m */; };
		698828371C34D476002363D5 /* HYBPig.m in Sources */ = {isa = PBXBuildFile; fileRef = 698828341C34D476002363D5 /* HYBPig.m */; };
		69E0205C1C3771AF0034BF32 /* HYBMsgSend.m in Sources */ = {isa = PBXBuildFile; fileRef = 69E0205B1C3771AF0034BF32 /* HYBMsgSend.m */; };
		69E0205D1C3771AF0034BF32 /* HYBMsgSend.m in Sources */ = {isa = PBXBuildFile; fileRef = 69E0205B1C3771AF0034BF32 /* HYBMsgSend.m */; };
		69E0205E1C3771AF0034BF32 /* HYBMsgSend.m in Sources */ = {isa = PBXBuildFile; fileRef = 69E0205B1C3771AF0034BF32 /* HYBMsgSend.m */; };
/* End PBXBuildFile section */

/* Begin PBXContainerItemProxy section */
		69654F701C2CDE6600FFB5AC /* PBXContainerItemProxy */ = {
			isa = PBXContainerItemProxy;
			containerPortal = 69654F4E1C2CDE6600FFB5AC /* Project object */;
			proxyType = 1;
			remoteGlobalIDString = 69654F551C2CDE6600FFB5AC;
			remoteInfo = RuntimeDemo;
		};
		69654F7B1C2CDE6600FFB5AC /* PBXContainerItemProxy */ = {
			isa = PBXContainerItemProxy;
			containerPortal = 69654F4E1C2CDE6600FFB5AC /* Project object */;
			proxyType = 1;
			remoteGlobalIDString = 69654F551C2CDE6600FFB5AC;
			remoteInfo = RuntimeDemo;
		};
/* End PBXContainerItemProxy section */

/* Begin PBXFileReference section */
		2BDAA9539E871117ED795ADE /* Pods.release.xcconfig */ = {isa = PBXFileReference; includeInIndex = 1; lastKnownFileType = text.xcconfig; name = Pods.release.xcconfig; path = "Pods/Target Support Files/Pods/Pods.release.xcconfig"; sourceTree = "<group>"; };
		38B8A79A2F4B8D8AA2D898F1 /* libPods.a */ = {isa = PBXFileReference; explicitFileType = archive.ar; includeInIndex = 0; path = libPods.a; sourceTree = BUILT_PRODUCTS_DIR; };
		54494B247380150E00DCBCF2 /* Pods.debug.xcconfig */ = {isa = PBXFileReference; includeInIndex = 1; lastKnownFileType = text.xcconfig; name = Pods.debug.xcconfig; path = "Pods/Target Support Files/Pods/Pods.debug.xcconfig"; sourceTree = "<group>"; };
		691D6FC31C421E68003D41FB /* HYBPropertyLearn.h */ = {isa = PBXFileReference; fileEncoding = 4; lastKnownFileType = sourcecode.c.h; path = HYBPropertyLearn.h; sourceTree = "<group>"; };
		691D6FC41C421E68003D41FB /* HYBPropertyLearn.m */ = {isa = PBXFileReference; fileEncoding = 4; lastKnownFileType = sourcecode.c.objc; path = HYBPropertyLearn.m; sourceTree = "<group>"; };
		69384B0F1C47631700B61526 /* HYBTestEntry.h */ = {isa = PBXFileReference; fileEncoding = 4; lastKnownFileType = sourcecode.c.h; path = HYBTestEntry.h; sourceTree = "<group>"; };
		69384B101C47631700B61526 /* HYBTestEntry.m */ = {isa = PBXFileReference; fileEncoding = 4; lastKnownFileType = sourcecode.c.objc; path = HYBTestEntry.m; sourceTree = "<group>"; };
		69654F561C2CDE6600FFB5AC /* RuntimeDemo.app */ = {isa = PBXFileReference; explicitFileType = wrapper.application; includeInIndex = 0; path = RuntimeDemo.app; sourceTree = BUILT_PRODUCTS_DIR; };
		69654F5A1C2CDE6600FFB5AC /* main.m */ = {isa = PBXFileReference; lastKnownFileType = sourcecode.c.objc; path = main.m; sourceTree = "<group>"; };
		69654F5C1C2CDE6600FFB5AC /* AppDelegate.h */ = {isa = PBXFileReference; lastKnownFileType = sourcecode.c.h; path = AppDelegate.h; sourceTree = "<group>"; };
		69654F5D1C2CDE6600FFB5AC /* AppDelegate.m */ = {isa = PBXFileReference; lastKnownFileType = sourcecode.c.objc; path = AppDelegate.m; sourceTree = "<group>"; };
		69654F5F1C2CDE6600FFB5AC /* ViewController.h */ = {isa = PBXFileReference; lastKnownFileType = sourcecode.c.h; path = ViewController.h; sourceTree = "<group>"; };
		69654F601C2CDE6600FFB5AC /* ViewController.m */ = {isa = PBXFileReference; lastKnownFileType = sourcecode.c.objc; path = ViewController.m; sourceTree = "<group>"; };
		69654F631C2CDE6600FFB5AC /* Base */ = {isa = PBXFileReference; lastKnownFileType = file.storyboard; name = Base; path = Base.lproj/Main.storyboard; sourceTree = "<group>"; };
		69654F651C2CDE6600FFB5AC /* Assets.xcassets */ = {isa = PBXFileReference; lastKnownFileType = folder.assetcatalog; path = Assets.xcassets; sourceTree = "<group>"; };
		69654F681C2CDE6600FFB5AC /* Base */ = {isa = PBXFileReference; lastKnownFileType = file.storyboard; name = Base; path = Base.lproj/LaunchScreen.storyboard; sourceTree = "<group>"; };
		69654F6A1C2CDE6600FFB5AC /* Info.plist */ = {isa = PBXFileReference; lastKnownFileType = text.plist.xml; path = Info.plist; sourceTree = "<group>"; };
		69654F6F1C2CDE6600FFB5AC /* RuntimeDemoTests.xctest */ = {isa = PBXFileReference; explicitFileType = wrapper.cfbundle; includeInIndex = 0; path = RuntimeDemoTests.xctest; sourceTree = BUILT_PRODUCTS_DIR; };
		69654F731C2CDE6600FFB5AC /* RuntimeDemoTests.m */ = {isa = PBXFileReference; lastKnownFileType = sourcecode.c.objc; path = RuntimeDemoTests.m; sourceTree = "<group>"; };
		69654F751C2CDE6600FFB5AC /* Info.plist */ = {isa = PBXFileReference; lastKnownFileType = text.plist.xml; path = Info.plist; sourceTree = "<group>"; };
		69654F7A1C2CDE6600FFB5AC /* RuntimeDemoUITests.xctest */ = {isa = PBXFileReference; explicitFileType = wrapper.cfbundle; includeInIndex = 0; path = RuntimeDemoUITests.xctest; sourceTree = BUILT_PRODUCTS_DIR; };
		69654F7E1C2CDE6600FFB5AC /* RuntimeDemoUITests.m */ = {isa = PBXFileReference; lastKnownFileType = sourcecode.c.objc; path = RuntimeDemoUITests.m; sourceTree = "<group>"; };
		69654F801C2CDE6600FFB5AC /* Info.plist */ = {isa = PBXFileReference; lastKnownFileType = text.plist.xml; path = Info.plist; sourceTree = "<group>"; };
		69654F911C30214500FFB5AC /* UIControl+HYBBlock.h */ = {isa = PBXFileReference; fileEncoding = 4; lastKnownFileType = sourcecode.c.h; path = "UIControl+HYBBlock.h"; sourceTree = "<group>"; };
		69654F921C30214500FFB5AC /* UIControl+HYBBlock.m */ = {isa = PBXFileReference; fileEncoding = 4; lastKnownFileType = sourcecode.c.objc; path = "UIControl+HYBBlock.m"; sourceTree = "<group>"; };
		69657DD31C44A67F0095C032 /* HYBMethodLearn.h */ = {isa = PBXFileReference; fileEncoding = 4; lastKnownFileType = sourcecode.c.h; path = HYBMethodLearn.h; sourceTree = "<group>"; };
		69657DD41C44A67F0095C032 /* HYBMethodLearn.m */ = {isa = PBXFileReference; fileEncoding = 4; lastKnownFileType = sourcecode.c.objc; path = HYBMethodLearn.m; sourceTree = "<group>"; };
		69657DD81C44D1A30095C032 /* NSMutableArray+Swizzling.h */ = {isa = PBXFileReference; fileEncoding = 4; lastKnownFileType = sourcecode.c.h; path = "NSMutableArray+Swizzling.h"; sourceTree = "<group>"; };
		69657DD91C44D1A30095C032 /* NSMutableArray+Swizzling.m */ = {isa = PBXFileReference; fileEncoding = 4; lastKnownFileType = sourcecode.c.objc; path = "NSMutableArray+Swizzling.m"; sourceTree = "<group>"; };
		69657DDD1C44D8620095C032 /* NSArray+Swizzling.h */ = {isa = PBXFileReference; fileEncoding = 4; lastKnownFileType = sourcecode.c.h; path = "NSArray+Swizzling.h"; sourceTree = "<group>"; };
		69657DDE1C44D8620095C032 /* NSArray+Swizzling.m */ = {isa = PBXFileReference; fileEncoding = 4; lastKnownFileType = sourcecode.c.objc; path = "NSArray+Swizzling.m"; sourceTree = "<group>"; };
		69657DE21C44DB520095C032 /* NSObject+Swizzling.h */ = {isa = PBXFileReference; fileEncoding = 4; lastKnownFileType = sourcecode.c.h; path = "NSObject+Swizzling.h"; sourceTree = "<group>"; };
		69657DE31C44DB520095C032 /* NSObject+Swizzling.m */ = {isa = PBXFileReference; fileEncoding = 4; lastKnownFileType = sourcecode.c.objc; path = "NSObject+Swizzling.m"; sourceTree = "<group>"; };
		69657E2B1C46402D0095C032 /* UIViewController+Swizzling.h */ = {isa = PBXFileReference; fileEncoding = 4; lastKnownFileType = sourcecode.c.h; path = "UIViewController+Swizzling.h"; sourceTree = "<group>"; };
		69657E2C1C46402D0095C032 /* UIViewController+Swizzling.m */ = {isa = PBXFileReference; fileEncoding = 4; lastKnownFileType = sourcecode.c.objc; path = "UIViewController+Swizzling.m"; sourceTree = "<group>"; };
		697364AF1C3A461F003E1FE9 /* HYBMethodExchange.h */ = {isa = PBXFileReference; fileEncoding = 4; lastKnownFileType = sourcecode.c.h; path = HYBMethodExchange.h; sourceTree = "<group>"; };
		697364B01C3A461F003E1FE9 /* HYBMethodExchange.m */ = {isa = PBXFileReference; fileEncoding = 4; lastKnownFileType = sourcecode.c.objc; path = HYBMethodExchange.m; sourceTree = "<group>"; };
		6980598B1C30D6070021085B /* HYBTestModel.h */ = {isa = PBXFileReference; fileEncoding = 4; lastKnownFileType = sourcecode.c.h; path = HYBTestModel.h; sourceTree = "<group>"; };
		6980598C1C30D6070021085B /* HYBTestModel.m */ = {isa = PBXFileReference; fileEncoding = 4; lastKnownFileType = sourcecode.c.objc; path = HYBTestModel.m; sourceTree = "<group>"; };
		6988281E1C3383F8002363D5 /* HDFArchiveModel.h */ = {isa = PBXFileReference; fileEncoding = 4; lastKnownFileType = sourcecode.c.h; path = HDFArchiveModel.h; sourceTree = "<group>"; };
		6988281F1C3383F8002363D5 /* HDFArchiveModel.m */ = {isa = PBXFileReference; fileEncoding = 4; lastKnownFileType = sourcecode.c.objc; path = HDFArchiveModel.m; sourceTree = "<group>"; };
		698828291C34CB9F002363D5 /* HYBCat.h */ = {isa = PBXFileReference; fileEncoding = 4; lastKnownFileType = sourcecode.c.h; path = HYBCat.h; sourceTree = "<group>"; };
		6988282A1C34CB9F002363D5 /* HYBCat.m */ = {isa = PBXFileReference; fileEncoding = 4; lastKnownFileType = sourcecode.c.objc; path = HYBCat.m; sourceTree = "<group>"; };
		6988282E1C34CBAB002363D5 /* HYBDog.h */ = {isa = PBXFileReference; fileEncoding = 4; lastKnownFileType = sourcecode.c.h; path = HYBDog.h; sourceTree = "<group>"; };
		6988282F1C34CBAB002363D5 /* HYBDog.m */ = {isa = PBXFileReference; fileEncoding = 4; lastKnownFileType = sourcecode.c.objc; path = HYBDog.m; sourceTree = "<group>"; };
		698828331C34D476002363D5 /* HYBPig.h */ = {isa = PBXFileReference; fileEncoding = 4; lastKnownFileType = sourcecode.c.h; path = HYBPig.h; sourceTree = "<group>"; };
		698828341C34D476002363D5 /* HYBPig.m */ = {isa = PBXFileReference; fileEncoding = 4; lastKnownFileType = sourcecode.c.objc; path = HYBPig.m; sourceTree = "<group>"; };
		69E0205A1C3771AF0034BF32 /* HYBMsgSend.h */ = {isa = PBXFileReference; fileEncoding = 4; lastKnownFileType = sourcecode.c.h; path = HYBMsgSend.h; sourceTree = "<group>"; };
		69E0205B1C3771AF0034BF32 /* HYBMsgSend.m */ = {isa = PBXFileReference; fileEncoding = 4; lastKnownFileType = sourcecode.c.objc; path = HYBMsgSend.m; sourceTree = "<group>"; };
/* End PBXFileReference section */

/* Begin PBXFrameworksBuildPhase section */
		69654F531C2CDE6600FFB5AC /* Frameworks */ = {
			isa = PBXFrameworksBuildPhase;
			buildActionMask = 2147483647;
			files = (
				303C7F5F03832071E9D4019A /* libPods.a in Frameworks */,
			);
			runOnlyForDeploymentPostprocessing = 0;
		};
		69654F6C1C2CDE6600FFB5AC /* Frameworks */ = {
			isa = PBXFrameworksBuildPhase;
			buildActionMask = 2147483647;
			files = (
			);
			runOnlyForDeploymentPostprocessing = 0;
		};
		69654F771C2CDE6600FFB5AC /* Frameworks */ = {
			isa = PBXFrameworksBuildPhase;
			buildActionMask = 2147483647;
			files = (
			);
			runOnlyForDeploymentPostprocessing = 0;
		};
/* End PBXFrameworksBuildPhase section */

/* Begin PBXGroup section */
		1574F27037C5422C34CA2FA9 /* Pods */ = {
			isa = PBXGroup;
			children = (
				54494B247380150E00DCBCF2 /* Pods.debug.xcconfig */,
				2BDAA9539E871117ED795ADE /* Pods.release.xcconfig */,
			);
			name = Pods;
			sourceTree = "<group>";
		};
		691D6FC21C421E3E003D41FB /* Property */ = {
			isa = PBXGroup;
			children = (
				691D6FC31C421E68003D41FB /* HYBPropertyLearn.h */,
				691D6FC41C421E68003D41FB /* HYBPropertyLearn.m */,
			);
			name = Property;
			sourceTree = "<group>";
		};
		69384B0E1C47630500B61526 /* TestEntry */ = {
			isa = PBXGroup;
			children = (
				69384B0F1C47631700B61526 /* HYBTestEntry.h */,
				69384B101C47631700B61526 /* HYBTestEntry.m */,
			);
			name = TestEntry;
			sourceTree = "<group>";
		};
		69654F4D1C2CDE6600FFB5AC = {
			isa = PBXGroup;
			children = (
				69654F581C2CDE6600FFB5AC /* RuntimeDemo */,
				69654F721C2CDE6600FFB5AC /* RuntimeDemoTests */,
				69654F7D1C2CDE6600FFB5AC /* RuntimeDemoUITests */,
				69654F571C2CDE6600FFB5AC /* Products */,
				1574F27037C5422C34CA2FA9 /* Pods */,
				A4EC37D5D490197569607E30 /* Frameworks */,
			);
			sourceTree = "<group>";
		};
		69654F571C2CDE6600FFB5AC /* Products */ = {
			isa = PBXGroup;
			children = (
				69654F561C2CDE6600FFB5AC /* RuntimeDemo.app */,
				69654F6F1C2CDE6600FFB5AC /* RuntimeDemoTests.xctest */,
				69654F7A1C2CDE6600FFB5AC /* RuntimeDemoUITests.xctest */,
			);
			name = Products;
			sourceTree = "<group>";
		};
		69654F581C2CDE6600FFB5AC /* RuntimeDemo */ = {
			isa = PBXGroup;
			children = (
				69384B0E1C47630500B61526 /* TestEntry */,
				69657DD21C44A66E0095C032 /* Method */,
				691D6FC21C421E3E003D41FB /* Property */,
				697364AE1C3A45F9003E1FE9 /* MethodExchange */,
				69E020591C3771860034BF32 /* Message */,
				698828281C34CB6A002363D5 /* ForwardMessage */,
				6988281D1C3383B4002363D5 /* Archive */,
				6980598A1C30D5E90021085B /* Dict-Model */,
				69654F5C1C2CDE6600FFB5AC /* AppDelegate.h */,
				69654F5D1C2CDE6600FFB5AC /* AppDelegate.m */,
				69654F5F1C2CDE6600FFB5AC /* ViewController.h */,
				69654F601C2CDE6600FFB5AC /* ViewController.m */,
				69654F621C2CDE6600FFB5AC /* Main.storyboard */,
				69654F651C2CDE6600FFB5AC /* Assets.xcassets */,
				69654F671C2CDE6600FFB5AC /* LaunchScreen.storyboard */,
				69654F6A1C2CDE6600FFB5AC /* Info.plist */,
				69654F591C2CDE6600FFB5AC /* Supporting Files */,
				69654F911C30214500FFB5AC /* UIControl+HYBBlock.h */,
				69654F921C30214500FFB5AC /* UIControl+HYBBlock.m */,
			);
			path = RuntimeDemo;
			sourceTree = "<group>";
		};
		69654F591C2CDE6600FFB5AC /* Supporting Files */ = {
			isa = PBXGroup;
			children = (
				69654F5A1C2CDE6600FFB5AC /* main.m */,
			);
			name = "Supporting Files";
			sourceTree = "<group>";
		};
		69654F721C2CDE6600FFB5AC /* RuntimeDemoTests */ = {
			isa = PBXGroup;
			children = (
				69654F731C2CDE6600FFB5AC /* RuntimeDemoTests.m */,
				69654F751C2CDE6600FFB5AC /* Info.plist */,
			);
			path = RuntimeDemoTests;
			sourceTree = "<group>";
		};
		69654F7D1C2CDE6600FFB5AC /* RuntimeDemoUITests */ = {
			isa = PBXGroup;
			children = (
				69654F7E1C2CDE6600FFB5AC /* RuntimeDemoUITests.m */,
				69654F801C2CDE6600FFB5AC /* Info.plist */,
			);
			path = RuntimeDemoUITests;
			sourceTree = "<group>";
		};
		69657DD21C44A66E0095C032 /* Method */ = {
			isa = PBXGroup;
			children = (
				69657DD31C44A67F0095C032 /* HYBMethodLearn.h */,
				69657DD41C44A67F0095C032 /* HYBMethodLearn.m */,
			);
			name = Method;
			sourceTree = "<group>";
		};
		697364AE1C3A45F9003E1FE9 /* MethodExchange */ = {
			isa = PBXGroup;
			children = (
				697364AF1C3A461F003E1FE9 /* HYBMethodExchange.h */,
				697364B01C3A461F003E1FE9 /* HYBMethodExchange.m */,
				69657DD81C44D1A30095C032 /* NSMutableArray+Swizzling.h */,
				69657DD91C44D1A30095C032 /* NSMutableArray+Swizzling.m */,
				69657DDD1C44D8620095C032 /* NSArray+Swizzling.h */,
				69657DDE1C44D8620095C032 /* NSArray+Swizzling.m */,
				69657DE21C44DB520095C032 /* NSObject+Swizzling.h */,
				69657DE31C44DB520095C032 /* NSObject+Swizzling.m */,
				69657E2B1C46402D0095C032 /* UIViewController+Swizzling.h */,
				69657E2C1C46402D0095C032 /* UIViewController+Swizzling.m */,
			);
			name = MethodExchange;
			sourceTree = "<group>";
		};
		6980598A1C30D5E90021085B /* Dict-Model */ = {
			isa = PBXGroup;
			children = (
				6980598B1C30D6070021085B /* HYBTestModel.h */,
				6980598C1C30D6070021085B /* HYBTestModel.m */,
			);
			name = "Dict-Model";
			sourceTree = "<group>";
		};
		6988281D1C3383B4002363D5 /* Archive */ = {
			isa = PBXGroup;
			children = (
				6988281E1C3383F8002363D5 /* HDFArchiveModel.h */,
				6988281F1C3383F8002363D5 /* HDFArchiveModel.m */,
			);
			name = Archive;
			sourceTree = "<group>";
		};
		698828281C34CB6A002363D5 /* ForwardMessage */ = {
			isa = PBXGroup;
			children = (
				698828291C34CB9F002363D5 /* HYBCat.h */,
				6988282A1C34CB9F002363D5 /* HYBCat.m */,
				6988282E1C34CBAB002363D5 /* HYBDog.h */,
				6988282F1C34CBAB002363D5 /* HYBDog.m */,
				698828331C34D476002363D5 /* HYBPig.h */,
				698828341C34D476002363D5 /* HYBPig.m */,
			);
			name = ForwardMessage;
			sourceTree = "<group>";
		};
		69E020591C3771860034BF32 /* Message */ = {
			isa = PBXGroup;
			children = (
				69E0205A1C3771AF0034BF32 /* HYBMsgSend.h */,
				69E0205B1C3771AF0034BF32 /* HYBMsgSend.m */,
			);
			name = Message;
			sourceTree = "<group>";
		};
		A4EC37D5D490197569607E30 /* Frameworks */ = {
			isa = PBXGroup;
			children = (
				38B8A79A2F4B8D8AA2D898F1 /* libPods.a */,
			);
			name = Frameworks;
			sourceTree = "<group>";
		};
/* End PBXGroup section */

/* Begin PBXNativeTarget section */
		69654F551C2CDE6600FFB5AC /* RuntimeDemo */ = {
			isa = PBXNativeTarget;
			buildConfigurationList = 69654F831C2CDE6600FFB5AC /* Build configuration list for PBXNativeTarget "RuntimeDemo" */;
			buildPhases = (
				E8F35A7A0E95DED9B0C66F9F /* Check Pods Manifest.lock */,
				69654F521C2CDE6600FFB5AC /* Sources */,
				69654F531C2CDE6600FFB5AC /* Frameworks */,
				69654F541C2CDE6600FFB5AC /* Resources */,
				89BB4FA307D36FC42F0BE172 /* Embed Pods Frameworks */,
				64E012AA1CA97E018A940BB2 /* Copy Pods Resources */,
			);
			buildRules = (
			);
			dependencies = (
			);
			name = RuntimeDemo;
			productName = RuntimeDemo;
			productReference = 69654F561C2CDE6600FFB5AC /* RuntimeDemo.app */;
			productType = "com.apple.product-type.application";
		};
		69654F6E1C2CDE6600FFB5AC /* RuntimeDemoTests */ = {
			isa = PBXNativeTarget;
			buildConfigurationList = 69654F861C2CDE6600FFB5AC /* Build configuration list for PBXNativeTarget "RuntimeDemoTests" */;
			buildPhases = (
				69654F6B1C2CDE6600FFB5AC /* Sources */,
				69654F6C1C2CDE6600FFB5AC /* Frameworks */,
				69654F6D1C2CDE6600FFB5AC /* Resources */,
			);
			buildRules = (
			);
			dependencies = (
				69654F711C2CDE6600FFB5AC /* PBXTargetDependency */,
			);
			name = RuntimeDemoTests;
			productName = RuntimeDemoTests;
			productReference = 69654F6F1C2CDE6600FFB5AC /* RuntimeDemoTests.xctest */;
			productType = "com.apple.product-type.bundle.unit-test";
		};
		69654F791C2CDE6600FFB5AC /* RuntimeDemoUITests */ = {
			isa = PBXNativeTarget;
			buildConfigurationList = 69654F891C2CDE6600FFB5AC /* Build configuration list for PBXNativeTarget "RuntimeDemoUITests" */;
			buildPhases = (
				69654F761C2CDE6600FFB5AC /* Sources */,
				69654F771C2CDE6600FFB5AC /* Frameworks */,
				69654F781C2CDE6600FFB5AC /* Resources */,
			);
			buildRules = (
			);
			dependencies = (
				69654F7C1C2CDE6600FFB5AC /* PBXTargetDependency */,
			);
			name = RuntimeDemoUITests;
			productName = RuntimeDemoUITests;
			productReference = 69654F7A1C2CDE6600FFB5AC /* RuntimeDemoUITests.xctest */;
			productType = "com.apple.product-type.bundle.ui-testing";
		};
/* End PBXNativeTarget section */

/* Begin PBXProject section */
		69654F4E1C2CDE6600FFB5AC /* Project object */ = {
			isa = PBXProject;
			attributes = {
				LastUpgradeCheck = 0720;
				ORGANIZATIONNAME = huangyibiao;
				TargetAttributes = {
					69654F551C2CDE6600FFB5AC = {
						CreatedOnToolsVersion = 7.2;
					};
					69654F6E1C2CDE6600FFB5AC = {
						CreatedOnToolsVersion = 7.2;
						TestTargetID = 69654F551C2CDE6600FFB5AC;
					};
					69654F791C2CDE6600FFB5AC = {
						CreatedOnToolsVersion = 7.2;
						TestTargetID = 69654F551C2CDE6600FFB5AC;
					};
				};
			};
			buildConfigurationList = 69654F511C2CDE6600FFB5AC /* Build configuration list for PBXProject "RuntimeDemo" */;
			compatibilityVersion = "Xcode 3.2";
			developmentRegion = English;
			hasScannedForEncodings = 0;
			knownRegions = (
				en,
				Base,
			);
			mainGroup = 69654F4D1C2CDE6600FFB5AC;
			productRefGroup = 69654F571C2CDE6600FFB5AC /* Products */;
			projectDirPath = "";
			projectRoot = "";
			targets = (
				69654F551C2CDE6600FFB5AC /* RuntimeDemo */,
				69654F6E1C2CDE6600FFB5AC /* RuntimeDemoTests */,
				69654F791C2CDE6600FFB5AC /* RuntimeDemoUITests */,
			);
		};
/* End PBXProject section */

/* Begin PBXResourcesBuildPhase section */
		69654F541C2CDE6600FFB5AC /* Resources */ = {
			isa = PBXResourcesBuildPhase;
			buildActionMask = 2147483647;
			files = (
				69654F691C2CDE6600FFB5AC /* LaunchScreen.storyboard in Resources */,
				69654F661C2CDE6600FFB5AC /* Assets.xcassets in Resources */,
				69654F641C2CDE6600FFB5AC /* Main.storyboard in Resources */,
			);
			runOnlyForDeploymentPostprocessing = 0;
		};
		69654F6D1C2CDE6600FFB5AC /* Resources */ = {
			isa = PBXResourcesBuildPhase;
			buildActionMask = 2147483647;
			files = (
			);
			runOnlyForDeploymentPostprocessing = 0;
		};
		69654F781C2CDE6600FFB5AC /* Resources */ = {
			isa = PBXResourcesBuildPhase;
			buildActionMask = 2147483647;
			files = (
			);
			runOnlyForDeploymentPostprocessing = 0;
		};
/* End PBXResourcesBuildPhase section */

/* Begin PBXShellScriptBuildPhase section */
		64E012AA1CA97E018A940BB2 /* Copy Pods Resources */ = {
			isa = PBXShellScriptBuildPhase;
			buildActionMask = 2147483647;
			files = (
			);
			inputPaths = (
			);
			name = "Copy Pods Resources";
			outputPaths = (
			);
			runOnlyForDeploymentPostprocessing = 0;
			shellPath = /bin/sh;
			shellScript = "\"${SRCROOT}/Pods/Target Support Files/Pods/Pods-resources.sh\"\n";
			showEnvVarsInLog = 0;
		};
		89BB4FA307D36FC42F0BE172 /* Embed Pods Frameworks */ = {
			isa = PBXShellScriptBuildPhase;
			buildActionMask = 2147483647;
			files = (
			);
			inputPaths = (
			);
			name = "Embed Pods Frameworks";
			outputPaths = (
			);
			runOnlyForDeploymentPostprocessing = 0;
			shellPath = /bin/sh;
			shellScript = "\"${SRCROOT}/Pods/Target Support Files/Pods/Pods-frameworks.sh\"\n";
			showEnvVarsInLog = 0;
		};
		E8F35A7A0E95DED9B0C66F9F /* Check Pods Manifest.lock */ = {
			isa = PBXShellScriptBuildPhase;
			buildActionMask = 2147483647;
			files = (
			);
			inputPaths = (
			);
			name = "Check Pods Manifest.lock";
			outputPaths = (
			);
			runOnlyForDeploymentPostprocessing = 0;
			shellPath = /bin/sh;
			shellScript = "diff \"${PODS_ROOT}/../Podfile.lock\" \"${PODS_ROOT}/Manifest.lock\" > /dev/null\nif [[ $? != 0 ]] ; then\n    cat << EOM\nerror: The sandbox is not in sync with the Podfile.lock. Run 'pod install' or update your CocoaPods installation.\nEOM\n    exit 1\nfi\n";
			showEnvVarsInLog = 0;
		};
/* End PBXShellScriptBuildPhase section */

/* Begin PBXSourcesBuildPhase section */
		69654F521C2CDE6600FFB5AC /* Sources */ = {
			isa = PBXSourcesBuildPhase;
			buildActionMask = 2147483647;
			files = (
				69657DDF1C44D8620095C032 /* NSArray+Swizzling.m in Sources */,
				697364B11C3A461F003E1FE9 /* HYBMethodExchange.m in Sources */,
				698828301C34CBAB002363D5 /* HYBDog.m in Sources */,
				69657DE41C44DB520095C032 /* NSObject+Swizzling.m in Sources */,
				6988282B1C34CB9F002363D5 /* HYBCat.m in Sources */,
				69654F611C2CDE6600FFB5AC /* ViewController.m in Sources */,
				69654F5E1C2CDE6600FFB5AC /* AppDelegate.m in Sources */,
				69657DD51C44A67F0095C032 /* HYBMethodLearn.m in Sources */,
				69654F5B1C2CDE6600FFB5AC /* main.m in Sources */,
				69657DDA1C44D1A30095C032 /* NSMutableArray+Swizzling.m in Sources */,
				698828201C3383F8002363D5 /* HDFArchiveModel.m in Sources */,
				6980598D1C30D6070021085B /* HYBTestModel.m in Sources */,
				69384B111C47631700B61526 /* HYBTestEntry.m in Sources */,
				698828351C34D476002363D5 /* HYBPig.m in Sources */,
				69654F931C30214500FFB5AC /* UIControl+HYBBlock.m in Sources */,
				69E0205C1C3771AF0034BF32 /* HYBMsgSend.m in Sources */,
				691D6FC51C421E68003D41FB /* HYBPropertyLearn.m in Sources */,
				69657E2D1C46402D0095C032 /* UIViewController+Swizzling.m in Sources */,
			);
			runOnlyForDeploymentPostprocessing = 0;
		};
		69654F6B1C2CDE6600FFB5AC /* Sources */ = {
			isa = PBXSourcesBuildPhase;
			buildActionMask = 2147483647;
			files = (
				69654F741C2CDE6600FFB5AC /* RuntimeDemoTests.m in Sources */,
				6988282C1C34CB9F002363D5 /* HYBCat.m in Sources */,
				698828211C3383F8002363D5 /* HDFArchiveModel.m in Sources */,
				69657DE51C44DB520095C032 /* NSObject+Swizzling.m in Sources */,
				69657DD61C44A67F0095C032 /* HYBMethodLearn.m in Sources */,
				69E0205D1C3771AF0034BF32 /* HYBMsgSend.m in Sources */,
				69654F941C30214500FFB5AC /* UIControl+HYBBlock.m in Sources */,
				691D6FC61C421E68003D41FB /* HYBPropertyLearn.m in Sources */,
				698828361C34D476002363D5 /* HYBPig.m in Sources */,
				697364B21C3A461F003E1FE9 /* HYBMethodExchange.m in Sources */,
				69657E2E1C46402D0095C032 /* UIViewController+Swizzling.m in Sources */,
				698828311C34CBAB002363D5 /* HYBDog.m in Sources */,
				6980598E1C30D6070021085B /* HYBTestModel.m in Sources */,
				69657DE01C44D8620095C032 /* NSArray+Swizzling.m in Sources */,
				69384B121C47631700B61526 /* HYBTestEntry.m in Sources */,
				69657DDB1C44D1A30095C032 /* NSMutableArray+Swizzling.m in Sources */,
			);
			runOnlyForDeploymentPostprocessing = 0;
		};
		69654F761C2CDE6600FFB5AC /* Sources */ = {
			isa = PBXSourcesBuildPhase;
			buildActionMask = 2147483647;
			files = (
				69654F7F1C2CDE6600FFB5AC /* RuntimeDemoUITests.m in Sources */,
				6988282D1C34CB9F002363D5 /* HYBCat.m in Sources */,
				698828221C3383F8002363D5 /* HDFArchiveModel.m in Sources */,
				69657DE61C44DB520095C032 /* NSObject+Swizzling.m in Sources */,
				69657DD71C44A67F0095C032 /* HYBMethodLearn.m in Sources */,
				69E0205E1C3771AF0034BF32 /* HYBMsgSend.m in Sources */,
				69654F951C30214500FFB5AC /* UIControl+HYBBlock.m in Sources */,
				691D6FC71C421E68003D41FB /* HYBPropertyLearn.m in Sources */,
				698828371C34D476002363D5 /* HYBPig.m in Sources */,
				697364B31C3A461F003E1FE9 /* HYBMethodExchange.m in Sources */,
				69657E2F1C46402D0095C032 /* UIViewController+Swizzling.m in Sources */,
				698828321C34CBAB002363D5 /* HYBDog.m in Sources */,
				6980598F1C30D6070021085B /* HYBTestModel.m in Sources */,
				69657DE11C44D8620095C032 /* NSArray+Swizzling.m in Sources */,
				69384B131C47631700B61526 /* HYBTestEntry.m in Sources */,
				69657DDC1C44D1A30095C032 /* NSMutableArray+Swizzling.m in Sources */,
			);
			runOnlyForDeploymentPostprocessing = 0;
		};
/* End PBXSourcesBuildPhase section */

/* Begin PBXTargetDependency section */
		69654F711C2CDE6600FFB5AC /* PBXTargetDependency */ = {
			isa = PBXTargetDependency;
			target = 69654F551C2CDE6600FFB5AC /* RuntimeDemo */;
			targetProxy = 69654F701C2CDE6600FFB5AC /* PBXContainerItemProxy */;
		};
		69654F7C1C2CDE6600FFB5AC /* PBXTargetDependency */ = {
			isa = PBXTargetDependency;
			target = 69654F551C2CDE6600FFB5AC /* RuntimeDemo */;
			targetProxy = 69654F7B1C2CDE6600FFB5AC /* PBXContainerItemProxy */;
		};
/* End PBXTargetDependency section */

/* Begin PBXVariantGroup section */
		69654F621C2CDE6600FFB5AC /* Main.storyboard */ = {
			isa = PBXVariantGroup;
			children = (
				69654F631C2CDE6600FFB5AC /* Base */,
			);
			name = Main.storyboard;
			sourceTree = "<group>";
		};
		69654F671C2CDE6600FFB5AC /* LaunchScreen.storyboard */ = {
			isa = PBXVariantGroup;
			children = (
				69654F681C2CDE6600FFB5AC /* Base */,
			);
			name = LaunchScreen.storyboard;
			sourceTree = "<group>";
		};
/* End PBXVariantGroup section */

/* Begin XCBuildConfiguration section */
		69654F811C2CDE6600FFB5AC /* Debug */ = {
			isa = XCBuildConfiguration;
			buildSettings = {
				ALWAYS_SEARCH_USER_PATHS = NO;
				CLANG_CXX_LANGUAGE_STANDARD = "gnu++0x";
				CLANG_CXX_LIBRARY = "libc++";
				CLANG_ENABLE_MODULES = YES;
				CLANG_ENABLE_OBJC_ARC = YES;
				CLANG_WARN_BOOL_CONVERSION = YES;
				CLANG_WARN_CONSTANT_CONVERSION = YES;
				CLANG_WARN_DIRECT_OBJC_ISA_USAGE = YES_ERROR;
				CLANG_WARN_EMPTY_BODY = YES;
				CLANG_WARN_ENUM_CONVERSION = YES;
				CLANG_WARN_INT_CONVERSION = YES;
				CLANG_WARN_OBJC_ROOT_CLASS = YES_ERROR;
				CLANG_WARN_UNREACHABLE_CODE = YES;
				CLANG_WARN__DUPLICATE_METHOD_MATCH = YES;
				"CODE_SIGN_IDENTITY[sdk=iphoneos*]" = "iPhone Developer";
				COPY_PHASE_STRIP = NO;
				DEBUG_INFORMATION_FORMAT = dwarf;
				ENABLE_STRICT_OBJC_MSGSEND = YES;
				ENABLE_TESTABILITY = YES;
				GCC_C_LANGUAGE_STANDARD = gnu99;
				GCC_DYNAMIC_NO_PIC = NO;
				GCC_NO_COMMON_BLOCKS = YES;
				GCC_OPTIMIZATION_LEVEL = 0;
				GCC_PREPROCESSOR_DEFINITIONS = (
					"DEBUG=1",
					"$(inherited)",
				);
				GCC_WARN_64_TO_32_BIT_CONVERSION = YES;
				GCC_WARN_ABOUT_RETURN_TYPE = YES_ERROR;
				GCC_WARN_UNDECLARED_SELECTOR = YES;
				GCC_WARN_UNINITIALIZED_AUTOS = YES_AGGRESSIVE;
				GCC_WARN_UNUSED_FUNCTION = YES;
				GCC_WARN_UNUSED_VARIABLE = YES;
				IPHONEOS_DEPLOYMENT_TARGET = 9.2;
				MTL_ENABLE_DEBUG_INFO = YES;
				ONLY_ACTIVE_ARCH = YES;
				SDKROOT = iphoneos;
			};
			name = Debug;
		};
		69654F821C2CDE6600FFB5AC /* Release */ = {
			isa = XCBuildConfiguration;
			buildSettings = {
				ALWAYS_SEARCH_USER_PATHS = NO;
				CLANG_CXX_LANGUAGE_STANDARD = "gnu++0x";
				CLANG_CXX_LIBRARY = "libc++";
				CLANG_ENABLE_MODULES = YES;
				CLANG_ENABLE_OBJC_ARC = YES;
				CLANG_WARN_BOOL_CONVERSION = YES;
				CLANG_WARN_CONSTANT_CONVERSION = YES;
				CLANG_WARN_DIRECT_OBJC_ISA_USAGE = YES_ERROR;
				CLANG_WARN_EMPTY_BODY = YES;
				CLANG_WARN_ENUM_CONVERSION = YES;
				CLANG_WARN_INT_CONVERSION = YES;
				CLANG_WARN_OBJC_ROOT_CLASS = YES_ERROR;
				CLANG_WARN_UNREACHABLE_CODE = YES;
				CLANG_WARN__DUPLICATE_METHOD_MATCH = YES;
				"CODE_SIGN_IDENTITY[sdk=iphoneos*]" = "iPhone Developer";
				COPY_PHASE_STRIP = NO;
				DEBUG_INFORMATION_FORMAT = "dwarf-with-dsym";
				ENABLE_NS_ASSERTIONS = NO;
				ENABLE_STRICT_OBJC_MSGSEND = YES;
				GCC_C_LANGUAGE_STANDARD = gnu99;
				GCC_NO_COMMON_BLOCKS = YES;
				GCC_WARN_64_TO_32_BIT_CONVERSION = YES;
				GCC_WARN_ABOUT_RETURN_TYPE = YES_ERROR;
				GCC_WARN_UNDECLARED_SELECTOR = YES;
				GCC_WARN_UNINITIALIZED_AUTOS = YES_AGGRESSIVE;
				GCC_WARN_UNUSED_FUNCTION = YES;
				GCC_WARN_UNUSED_VARIABLE = YES;
				IPHONEOS_DEPLOYMENT_TARGET = 9.2;
				MTL_ENABLE_DEBUG_INFO = NO;
				SDKROOT = iphoneos;
				VALIDATE_PRODUCT = YES;
			};
			name = Release;
		};
		69654F841C2CDE6600FFB5AC /* Debug */ = {
			isa = XCBuildConfiguration;
			baseConfigurationReference = 54494B247380150E00DCBCF2 /* Pods.debug.xcconfig */;
			buildSettings = {
				ASSETCATALOG_COMPILER_APPICON_NAME = AppIcon;
				INFOPLIST_FILE = RuntimeDemo/Info.plist;
				IPHONEOS_DEPLOYMENT_TARGET = 7.0;
				LD_RUNPATH_SEARCH_PATHS = "$(inherited) @executable_path/Frameworks";
				PRODUCT_BUNDLE_IDENTIFIER = com.huangyibiao.RuntimeDemo;
				PRODUCT_NAME = "$(TARGET_NAME)";
			};
			name = Debug;
		};
		69654F851C2CDE6600FFB5AC /* Release */ = {
			isa = XCBuildConfiguration;
			baseConfigurationReference = 2BDAA9539E871117ED795ADE /* Pods.release.xcconfig */;
			buildSettings = {
				ASSETCATALOG_COMPILER_APPICON_NAME = AppIcon;
				INFOPLIST_FILE = RuntimeDemo/Info.plist;
				IPHONEOS_DEPLOYMENT_TARGET = 7.0;
				LD_RUNPATH_SEARCH_PATHS = "$(inherited) @executable_path/Frameworks";
				PRODUCT_BUNDLE_IDENTIFIER = com.huangyibiao.RuntimeDemo;
				PRODUCT_NAME = "$(TARGET_NAME)";
			};
			name = Release;
		};
		69654F871C2CDE6600FFB5AC /* Debug */ = {
			isa = XCBuildConfiguration;
			buildSettings = {
				BUNDLE_LOADER = "$(TEST_HOST)";
				INFOPLIST_FILE = RuntimeDemoTests/Info.plist;
				LD_RUNPATH_SEARCH_PATHS = "$(inherited) @executable_path/Frameworks @loader_path/Frameworks";
				PRODUCT_BUNDLE_IDENTIFIER = com.huangyibiao.RuntimeDemoTests;
				PRODUCT_NAME = "$(TARGET_NAME)";
				TEST_HOST = "$(BUILT_PRODUCTS_DIR)/RuntimeDemo.app/RuntimeDemo";
			};
			name = Debug;
		};
		69654F881C2CDE6600FFB5AC /* Release */ = {
			isa = XCBuildConfiguration;
			buildSettings = {
				BUNDLE_LOADER = "$(TEST_HOST)";
				INFOPLIST_FILE = RuntimeDemoTests/Info.plist;
				LD_RUNPATH_SEARCH_PATHS = "$(inherited) @executable_path/Frameworks @loader_path/Frameworks";
				PRODUCT_BUNDLE_IDENTIFIER = com.huangyibiao.RuntimeDemoTests;
				PRODUCT_NAME = "$(TARGET_NAME)";
				TEST_HOST = "$(BUILT_PRODUCTS_DIR)/RuntimeDemo.app/RuntimeDemo";
			};
			name = Release;
		};
		69654F8A1C2CDE6600FFB5AC /* Debug */ = {
			isa = XCBuildConfiguration;
			buildSettings = {
				INFOPLIST_FILE = RuntimeDemoUITests/Info.plist;
				LD_RUNPATH_SEARCH_PATHS = "$(inherited) @executable_path/Frameworks @loader_path/Frameworks";
				PRODUCT_BUNDLE_IDENTIFIER = com.huangyibiao.RuntimeDemoUITests;
				PRODUCT_NAME = "$(TARGET_NAME)";
				TEST_TARGET_NAME = RuntimeDemo;
				USES_XCTRUNNER = YES;
			};
			name = Debug;
		};
		69654F8B1C2CDE6600FFB5AC /* Release */ = {
			isa = XCBuildConfiguration;
			buildSettings = {
				INFOPLIST_FILE = RuntimeDemoUITests/Info.plist;
				LD_RUNPATH_SEARCH_PATHS = "$(inherited) @executable_path/Frameworks @loader_path/Frameworks";
				PRODUCT_BUNDLE_IDENTIFIER = com.huangyibiao.RuntimeDemoUITests;
				PRODUCT_NAME = "$(TARGET_NAME)";
				TEST_TARGET_NAME = RuntimeDemo;
				USES_XCTRUNNER = YES;
			};
			name = Release;
		};
/* End XCBuildConfiguration section */

/* Begin XCConfigurationList section */
		69654F511C2CDE6600FFB5AC /* Build configuration list for PBXProject "RuntimeDemo" */ = {
			isa = XCConfigurationList;
			buildConfigurations = (
				69654F811C2CDE6600FFB5AC /* Debug */,
				69654F821C2CDE6600FFB5AC /* Release */,
			);
			defaultConfigurationIsVisible = 0;
			defaultConfigurationName = Release;
		};
		69654F831C2CDE6600FFB5AC /* Build configuration list for PBXNativeTarget "RuntimeDemo" */ = {
			isa = XCConfigurationList;
			buildConfigurations = (
				69654F841C2CDE6600FFB5AC /* Debug */,
				69654F851C2CDE6600FFB5AC /* Release */,
			);
			defaultConfigurationIsVisible = 0;
			defaultConfigurationName = Release;
		};
		69654F861C2CDE6600FFB5AC /* Build configuration list for PBXNativeTarget "RuntimeDemoTests" */ = {
			isa = XCConfigurationList;
			buildConfigurations = (
				69654F871C2CDE6600FFB5AC /* Debug */,
				69654F881C2CDE6600FFB5AC /* Release */,
			);
			defaultConfigurationIsVisible = 0;
			defaultConfigurationName = Release;
		};
		69654F891C2CDE6600FFB5AC /* Build configuration list for PBXNativeTarget "RuntimeDemoUITests" */ = {
			isa = XCConfigurationList;
			buildConfigurations = (
				69654F8A1C2CDE6600FFB5AC /* Debug */,
				69654F8B1C2CDE6600FFB5AC /* Release */,
			);
			defaultConfigurationIsVisible = 0;
			defaultConfigurationName = Release;
		};
/* End XCConfigurationList section */
	};
	rootObject = 69654F4E1C2CDE6600FFB5AC /* Project object */;
}
